// !$*UTF8*$!
{
	archiveVersion = 1;
	classes = {
	};
	objectVersion = 46;
	objects = {

/* Begin PBXBuildFile section */
		961657E21A80A0CF005B1ED2 /* libAwesomeMenu.a in Frameworks */ = {isa = PBXBuildFile; fileRef = 961657D61A80A0CF005B1ED2 /* libAwesomeMenu.a */; };
		961657FD1A80A389005B1ED2 /* AwesomeMenu.m in Sources */ = {isa = PBXBuildFile; fileRef = 961657FA1A80A389005B1ED2 /* AwesomeMenu.m */; };
		961657FE1A80A389005B1ED2 /* AwesomeMenuItem.m in Sources */ = {isa = PBXBuildFile; fileRef = 961657FC1A80A389005B1ED2 /* AwesomeMenuItem.m */; };
/* End PBXBuildFile section */

/* Begin PBXContainerItemProxy section */
		961657E31A80A0CF005B1ED2 /* PBXContainerItemProxy */ = {
			isa = PBXContainerItemProxy;
			containerPortal = 961657CE1A80A0CE005B1ED2 /* Project object */;
			proxyType = 1;
			remoteGlobalIDString = 961657D51A80A0CF005B1ED2;
			remoteInfo = AwesomeMenu;
		};
/* End PBXContainerItemProxy section */

/* Begin PBXCopyFilesBuildPhase section */
		961657D41A80A0CF005B1ED2 /* CopyFiles */ = {
			isa = PBXCopyFilesBuildPhase;
			buildActionMask = 2147483647;
			dstPath = "include/$(PRODUCT_NAME)";
			dstSubfolderSpec = 16;
			files = (
			);
			runOnlyForDeploymentPostprocessing = 0;
		};
/* End PBXCopyFilesBuildPhase section */

/* Begin PBXFileReference section */
		961657D61A80A0CF005B1ED2 /* libAwesomeMenu.a */ = {isa = PBXFileReference; explicitFileType = archive.ar; includeInIndex = 0; path = libAwesomeMenu.a; sourceTree = BUILT_PRODUCTS_DIR; };
		961657E11A80A0CF005B1ED2 /* AwesomeMenuTests.xctest */ = {isa = PBXFileReference; explicitFileType = wrapper.cfbundle; includeInIndex = 0; path = AwesomeMenuTests.xctest; sourceTree = BUILT_PRODUCTS_DIR; };
		961657E71A80A0CF005B1ED2 /* Info.plist */ = {isa = PBXFileReference; lastKnownFileType = text.plist.xml; path = Info.plist; sourceTree = "<group>"; };
		961657F91A80A389005B1ED2 /* AwesomeMenu.h */ = {isa = PBXFileReference; fileEncoding = 4; lastKnownFileType = sourcecode.c.h; path = AwesomeMenu.h; sourceTree = "<group>"; };
		961657FA1A80A389005B1ED2 /* AwesomeMenu.m */ = {isa = PBXFileReference; fileEncoding = 4; lastKnownFileType = sourcecode.c.objc; path = AwesomeMenu.m; sourceTree = "<group>"; };
		961657FB1A80A389005B1ED2 /* AwesomeMenuItem.h */ = {isa = PBXFileReference; fileEncoding = 4; lastKnownFileType = sourcecode.c.h; path = AwesomeMenuItem.h; sourceTree = "<group>"; };
		961657FC1A80A389005B1ED2 /* AwesomeMenuItem.m */ = {isa = PBXFileReference; fileEncoding = 4; lastKnownFileType = sourcecode.c.objc; path = AwesomeMenuItem.m; sourceTree = "<group>"; };
/* End PBXFileReference section */

/* Begin PBXFrameworksBuildPhase section */
		961657D31A80A0CF005B1ED2 /* Frameworks */ = {
			isa = PBXFrameworksBuildPhase;
			buildActionMask = 2147483647;
			files = (
			);
			runOnlyForDeploymentPostprocessing = 0;
		};
		961657DE1A80A0CF005B1ED2 /* Frameworks */ = {
			isa = PBXFrameworksBuildPhase;
			buildActionMask = 2147483647;
			files = (
				961657E21A80A0CF005B1ED2 /* libAwesomeMenu.a in Frameworks */,
			);
			runOnlyForDeploymentPostprocessing = 0;
		};
/* End PBXFrameworksBuildPhase section */

/* Begin PBXGroup section */
		961657CD1A80A0CE005B1ED2 = {
			isa = PBXGroup;
			children = (
				961657D81A80A0CF005B1ED2 /* AwesomeMenu */,
				961657E51A80A0CF005B1ED2 /* AwesomeMenuTests */,
				961657D71A80A0CF005B1ED2 /* Products */,
			);
			sourceTree = "<group>";
		};
		961657D71A80A0CF005B1ED2 /* Products */ = {
			isa = PBXGroup;
			children = (
				961657D61A80A0CF005B1ED2 /* libAwesomeMenu.a */,
				961657E11A80A0CF005B1ED2 /* AwesomeMenuTests.xctest */,
			);
			name = Products;
			sourceTree = "<group>";
		};
		961657D81A80A0CF005B1ED2 /* AwesomeMenu */ = {
			isa = PBXGroup;
			children = (
				961657F91A80A389005B1ED2 /* AwesomeMenu.h */,
				961657FA1A80A389005B1ED2 /* AwesomeMenu.m */,
				961657FB1A80A389005B1ED2 /* AwesomeMenuItem.h */,
				961657FC1A80A389005B1ED2 /* AwesomeMenuItem.m */,
			);
			path = AwesomeMenu;
			sourceTree = "<group>";
		};
		961657E51A80A0CF005B1ED2 /* AwesomeMenuTests */ = {
			isa = PBXGroup;
			children = (
				961657E61A80A0CF005B1ED2 /* Supporting Files */,
			);
			path = AwesomeMenuTests;
			sourceTree = "<group>";
		};
		961657E61A80A0CF005B1ED2 /* Supporting Files */ = {
			isa = PBXGroup;
			children = (
				961657E71A80A0CF005B1ED2 /* Info.plist */,
			);
			name = "Supporting Files";
			sourceTree = "<group>";
		};
/* End PBXGroup section */

/* Begin PBXNativeTarget section */
		961657D51A80A0CF005B1ED2 /* AwesomeMenu */ = {
			isa = PBXNativeTarget;
			buildConfigurationList = 961657EA1A80A0CF005B1ED2 /* Build configuration list for PBXNativeTarget "AwesomeMenu" */;
			buildPhases = (
				961657D21A80A0CF005B1ED2 /* Sources */,
				961657D31A80A0CF005B1ED2 /* Frameworks */,
				961657D41A80A0CF005B1ED2 /* CopyFiles */,
			);
			buildRules = (
			);
			dependencies = (
			);
			name = AwesomeMenu;
			productName = AwesomeMenu;
			productReference = 961657D61A80A0CF005B1ED2 /* libAwesomeMenu.a */;
			productType = "com.apple.product-type.library.static";
		};
		961657E01A80A0CF005B1ED2 /* AwesomeMenuTests */ = {
			isa = PBXNativeTarget;
			buildConfigurationList = 961657ED1A80A0CF005B1ED2 /* Build configuration list for PBXNativeTarget "AwesomeMenuTests" */;
			buildPhases = (
				961657DD1A80A0CF005B1ED2 /* Sources */,
				961657DE1A80A0CF005B1ED2 /* Frameworks */,
				961657DF1A80A0CF005B1ED2 /* Resources */,
			);
			buildRules = (
			);
			dependencies = (
				961657E41A80A0CF005B1ED2 /* PBXTargetDependency */,
			);
			name = AwesomeMenuTests;
			productName = AwesomeMenuTests;
			productReference = 961657E11A80A0CF005B1ED2 /* AwesomeMenuTests.xctest */;
			productType = "com.apple.product-type.bundle.unit-test";
		};
/* End PBXNativeTarget section */

/* Begin PBXProject section */
		961657CE1A80A0CE005B1ED2 /* Project object */ = {
			isa = PBXProject;
			attributes = {
				LastUpgradeCheck = 0610;
				ORGANIZATIONNAME = Zoaks;
				TargetAttributes = {
					961657D51A80A0CF005B1ED2 = {
						CreatedOnToolsVersion = 6.1.1;
					};
					961657E01A80A0CF005B1ED2 = {
						CreatedOnToolsVersion = 6.1.1;
					};
				};
			};
			buildConfigurationList = 961657D11A80A0CE005B1ED2 /* Build configuration list for PBXProject "AwesomeMenu" */;
			compatibilityVersion = "Xcode 3.2";
			developmentRegion = English;
			hasScannedForEncodings = 0;
			knownRegions = (
				en,
			);
			mainGroup = 961657CD1A80A0CE005B1ED2;
			productRefGroup = 961657D71A80A0CF005B1ED2 /* Products */;
			projectDirPath = "";
			projectRoot = "";
			targets = (
				961657D51A80A0CF005B1ED2 /* AwesomeMenu */,
				961657E01A80A0CF005B1ED2 /* AwesomeMenuTests */,
			);
		};
/* End PBXProject section */

/* Begin PBXResourcesBuildPhase section */
		961657DF1A80A0CF005B1ED2 /* Resources */ = {
			isa = PBXResourcesBuildPhase;
			buildActionMask = 2147483647;
			files = (
			);
			runOnlyForDeploymentPostprocessing = 0;
		};
/* End PBXResourcesBuildPhase section */

/* Begin PBXSourcesBuildPhase section */
		961657D21A80A0CF005B1ED2 /* Sources */ = {
			isa = PBXSourcesBuildPhase;
			buildActionMask = 2147483647;
			files = (
				961657FD1A80A389005B1ED2 /* AwesomeMenu.m in Sources */,
				961657FE1A80A389005B1ED2 /* AwesomeMenuItem.m in Sources */,
			);
			runOnlyForDeploymentPostprocessing = 0;
		};
		961657DD1A80A0CF005B1ED2 /* Sources */ = {
			isa = PBXSourcesBuildPhase;
			buildActionMask = 2147483647;
			files = (
			);
			runOnlyForDeploymentPostprocessing = 0;
		};
/* End PBXSourcesBuildPhase section */

/* Begin PBXTargetDependency section */
		961657E41A80A0CF005B1ED2 /* PBXTargetDependency */ = {
			isa = PBXTargetDependency;
			target = 961657D51A80A0CF005B1ED2 /* AwesomeMenu */;
			targetProxy = 961657E31A80A0CF005B1ED2 /* PBXContainerItemProxy */;
		};
/* End PBXTargetDependency section */

/* Begin XCBuildConfiguration section */
		961657E81A80A0CF005B1ED2 /* Debug */ = {
			isa = XCBuildConfiguration;
			buildSettings = {
				ALWAYS_SEARCH_USER_PATHS = NO;
				CLANG_CXX_LANGUAGE_STANDARD = "gnu++0x";
				CLANG_CXX_LIBRARY = "libc++";
				CLANG_ENABLE_MODULES = YES;
				CLANG_ENABLE_OBJC_ARC = YES;
				CLANG_WARN_BOOL_CONVERSION = YES;
				CLANG_WARN_CONSTANT_CONVERSION = YES;
				CLANG_WARN_DIRECT_OBJC_ISA_USAGE = YES_ERROR;
				CLANG_WARN_EMPTY_BODY = YES;
				CLANG_WARN_ENUM_CONVERSION = YES;
				CLANG_WARN_INT_CONVERSION = YES;
				CLANG_WARN_OBJC_ROOT_CLASS = YES_ERROR;
				CLANG_WARN_UNREACHABLE_CODE = YES;
				CLANG_WARN__DUPLICATE_METHOD_MATCH = YES;
				COPY_PHASE_STRIP = NO;
				ENABLE_STRICT_OBJC_MSGSEND = YES;
				GCC_C_LANGUAGE_STANDARD = gnu99;
				GCC_DYNAMIC_NO_PIC = NO;
				GCC_OPTIMIZATION_LEVEL = 0;
				GCC_PREPROCESSOR_DEFINITIONS = (
					"DEBUG=1",
					"$(inherited)",
				);
				GCC_SYMBOLS_PRIVATE_EXTERN = NO;
				GCC_WARN_64_TO_32_BIT_CONVERSION = YES;
				GCC_WARN_ABOUT_RETURN_TYPE = YES_ERROR;
				GCC_WARN_UNDECLARED_SELECTOR = YES;
				GCC_WARN_UNINITIALIZED_AUTOS = YES_AGGRESSIVE;
				GCC_WARN_UNUSED_FUNCTION = YES;
				GCC_WARN_UNUSED_VARIABLE = YES;
				IPHONEOS_DEPLOYMENT_TARGET = 8.1;
				MTL_ENABLE_DEBUG_INFO = YES;
				ONLY_ACTIVE_ARCH = YES;
				SDKROOT = iphoneos;
			};
			name = Debug;
		};
		961657E91A80A0CF005B1ED2 /* Release */ = {
			isa = XCBuildConfiguration;
			buildSettings = {
				ALWAYS_SEARCH_USER_PATHS = NO;
				CLANG_CXX_LANGUAGE_STANDARD = "gnu++0x";
				CLANG_CXX_LIBRARY = "libc++";
				CLANG_ENABLE_MODULES = YES;
				CLANG_ENABLE_OBJC_ARC = YES;
				CLANG_WARN_BOOL_CONVERSION = YES;
				CLANG_WARN_CONSTANT_CONVERSION = YES;
				CLANG_WARN_DIRECT_OBJC_ISA_USAGE = YES_ERROR;
				CLANG_WARN_EMPTY_BODY = YES;
				CLANG_WARN_ENUM_CONVERSION = YES;
				CLANG_WARN_INT_CONVERSION = YES;
				CLANG_WARN_OBJC_ROOT_CLASS = YES_ERROR;
				CLANG_WARN_UNREACHABLE_CODE = YES;
				CLANG_WARN__DUPLICATE_METHOD_MATCH = YES;
				COPY_PHASE_STRIP = YES;
				ENABLE_NS_ASSERTIONS = NO;
				ENABLE_STRICT_OBJC_MSGSEND = YES;
				GCC_C_LANGUAGE_STANDARD = gnu99;
				GCC_WARN_64_TO_32_BIT_CONVERSION = YES;
				GCC_WARN_ABOUT_RETURN_TYPE = YES_ERROR;
				GCC_WARN_UNDECLARED_SELECTOR = YES;
				GCC_WARN_UNINITIALIZED_AUTOS = YES_AGGRESSIVE;
				GCC_WARN_UNUSED_FUNCTION = YES;
				GCC_WARN_UNUSED_VARIABLE = YES;
				IPHONEOS_DEPLOYMENT_TARGET = 8.1;
				MTL_ENABLE_DEBUG_INFO = NO;
				SDKROOT = iphoneos;
				VALIDATE_PRODUCT = YES;
			};
			name = Release;
		};
		961657EB1A80A0CF005B1ED2 /* Debug */ = {
			isa = XCBuildConfiguration;
			buildSettings = {
				OTHER_LDFLAGS = "-ObjC";
				PRODUCT_NAME = "$(TARGET_NAME)";
				SKIP_INSTALL = YES;
			};
			name = Debug;
		};
		961657EC1A80A0CF005B1ED2 /* Release */ = {
			isa = XCBuildConfiguration;
			buildSettings = {
				OTHER_LDFLAGS = "-ObjC";
				PRODUCT_NAME = "$(TARGET_NAME)";
				SKIP_INSTALL = YES;
			};
			name = Release;
		};
		961657EE1A80A0CF005B1ED2 /* Debug */ = {
			isa = XCBuildConfiguration;
			buildSettings = {
				FRAMEWORK_SEARCH_PATHS = (
					"$(SDKROOT)/Developer/Library/Frameworks",
					"$(inherited)",
				);
				GCC_PREPROCESSOR_DEFINITIONS = (
					"DEBUG=1",
					"$(inherited)",
				);
				INFOPLIST_FILE = AwesomeMenuTests/Info.plist;
				LD_RUNPATH_SEARCH_PATHS = "$(inherited) @executable_path/Frameworks @loader_path/Frameworks";
				PRODUCT_NAME = "$(TARGET_NAME)";
			};
			name = Debug;
		};
		961657EF1A80A0CF005B1ED2 /* Release */ = {
			isa = XCBuildConfiguration;
			buildSettings = {
				FRAMEWORK_SEARCH_PATHS = (
					"$(SDKROOT)/Developer/Library/Frameworks",
					"$(inherited)",
				);
				INFOPLIST_FILE = AwesomeMenuTests/Info.plist;
				LD_RUNPATH_SEARCH_PATHS = "$(inherited) @executable_path/Frameworks @loader_path/Frameworks";
				PRODUCT_NAME = "$(TARGET_NAME)";
			};
			name = Release;
		};
/* End XCBuildConfiguration section */

/* Begin XCConfigurationList section */
		961657D11A80A0CE005B1ED2 /* Build configuration list for PBXProject "AwesomeMenu" */ = {
			isa = XCConfigurationList;
			buildConfigurations = (
				961657E81A80A0CF005B1ED2 /* Debug */,
				961657E91A80A0CF005B1ED2 /* Release */,
			);
			defaultConfigurationIsVisible = 0;
			defaultConfigurationName = Release;
		};
		961657EA1A80A0CF005B1ED2 /* Build configuration list for PBXNativeTarget "AwesomeMenu" */ = {
			isa = XCConfigurationList;
			buildConfigurations = (
				961657EB1A80A0CF005B1ED2 /* Debug */,
				961657EC1A80A0CF005B1ED2 /* Release */,
			);
			defaultConfigurationIsVisible = 0;
		};
		961657ED1A80A0CF005B1ED2 /* Build configuration list for PBXNativeTarget "AwesomeMenuTests" */ = {
			isa = XCConfigurationList;
			buildConfigurations = (
				961657EE1A80A0CF005B1ED2 /* Debug */,
				961657EF1A80A0CF005B1ED2 /* Release */,
			);
			defaultConfigurationIsVisible = 0;
		};
/* End XCConfigurationList section */
	};
	rootObject = 961657CE1A80A0CE005B1ED2 /* Project object */;
}
