
Microsoft Visual Studio Solution File, Format Version 12.00
# Visual Studio 2012
Project("{FAE04EC0-301F-11D3-BF4B-00C04F79EFBC}") = "BindingSample2", "BindingSample2\BindingSample2.csproj", "{693F8916-3772-47E7-B8E3-316B9D24EE95}"
EndProject
Global
	GlobalSection(SolutionConfigurationPlatforms) = preSolution
		Debug|iPhoneSimulator = Debug|iPhoneSimulator
		Release|iPhoneSimulator = Release|iPhoneSimulator
		Debug|iPhone = Debug|iPhone
		Release|iPhone = Release|iPhone
		Ad-Hoc|iPhone = Ad-Hoc|iPhone
		AppStore|iPhone = AppStore|iPhone
	EndGlobalSection
	GlobalSection(ProjectConfigurationPlatforms) = postSolution
		{693F8916-3772-47E7-B8E3-316B9D24EE95}.Ad-Hoc|iPhone.ActiveCfg = Ad-Hoc|iPhone
		{693F8916-3772-47E7-B8E3-316B9D24EE95}.Ad-Hoc|iPhone.Build.0 = Ad-Hoc|iPhone
		{693F8916-3772-47E7-B8E3-316B9D24EE95}.AppStore|iPhone.ActiveCfg = AppStore|iPhone
		{693F8916-3772-47E7-B8E3-316B9D24EE95}.AppStore|iPhone.Build.0 = AppStore|iPhone
		{693F8916-3772-47E7-B8E3-316B9D24EE95}.Debug|iPhone.ActiveCfg = Debug|iPhone
		{693F8916-3772-47E7-B8E3-316B9D24EE95}.Debug|iPhone.Build.0 = Debug|iPhone
		{693F8916-3772-47E7-B8E3-316B9D24EE95}.Debug|iPhoneSimulator.ActiveCfg = Debug|iPhoneSimulator
		{693F8916-3772-47E7-B8E3-316B9D24EE95}.Debug|iPhoneSimulator.Build.0 = Debug|iPhoneSimulator
		{693F8916-3772-47E7-B8E3-316B9D24EE95}.Release|iPhone.ActiveCfg = Release|iPhone
		{693F8916-3772-47E7-B8E3-316B9D24EE95}.Release|iPhone.Build.0 = Release|iPhone
		{693F8916-3772-47E7-B8E3-316B9D24EE95}.Release|iPhoneSimulator.ActiveCfg = Release|iPhoneSimulator
		{693F8916-3772-47E7-B8E3-316B9D24EE95}.Release|iPhoneSimulator.Build.0 = Release|iPhoneSimulator
	EndGlobalSection
EndGlobal
